
Microsoft Visual Studio Solution File, Format Version 12.00
# Visual Studio 15
VisualStudioVersion = 15.0.27004.2006
MinimumVisualStudioVersion = 10.0.40219.1
Project("{FAE04EC0-301F-11D3-BF4B-00C04F79EFBC}") = "Loodon", "Loodon\Loodon.csproj", "{983F5488-BDEA-40FD-AA28-CE7E73F9AA89}"
EndProject
Project("{FAE04EC0-301F-11D3-BF4B-00C04F79EFBC}") = "LoodonDAL", "LoodonDAL\LoodonDAL.csproj", "{3AC38F3B-DC71-457C-B50D-A07E87AA7EE7}"
EndProject
Global
	GlobalSection(SolutionConfigurationPlatforms) = preSolution
		Debug|Any CPU = Debug|Any CPU
		Release|Any CPU = Release|Any CPU
	EndGlobalSection
	GlobalSection(ProjectConfigurationPlatforms) = postSolution
		{983F5488-BDEA-40FD-AA28-CE7E73F9AA89}.Debug|Any CPU.ActiveCfg = Debug|Any CPU
		{983F5488-BDEA-40FD-AA28-CE7E73F9AA89}.Debug|Any CPU.Build.0 = Debug|Any CPU
		{983F5488-BDEA-40FD-AA28-CE7E73F9AA89}.Release|Any CPU.ActiveCfg = Release|Any CPU
		{983F5488-BDEA-40FD-AA28-CE7E73F9AA89}.Release|Any CPU.Build.0 = Release|Any CPU
		{3AC38F3B-DC71-457C-B50D-A07E87AA7EE7}.Debug|Any CPU.ActiveCfg = Debug|Any CPU
		{3AC38F3B-DC71-457C-B50D-A07E87AA7EE7}.Debug|Any CPU.Build.0 = Debug|Any CPU
		{3AC38F3B-DC71-457C-B50D-A07E87AA7EE7}.Release|Any CPU.ActiveCfg = Release|Any CPU
		{3AC38F3B-DC71-457C-B50D-A07E87AA7EE7}.Release|Any CPU.Build.0 = Release|Any CPU
	EndGlobalSection
	GlobalSection(SolutionProperties) = preSolution
		HideSolutionNode = FALSE
	EndGlobalSection
	GlobalSection(ExtensibilityGlobals) = postSolution
		SolutionGuid = {56CEAE29-3A37-46C7-8C23-3106B3776B57}
	EndGlobalSection
EndGlobal
